// !$*UTF8*$!
{
	archiveVersion = 1;
	classes = {
	};
	objectVersion = 46;
	objects = {

/* Begin PBXBuildFile section */
		6E166B9D1D4FCDBE00445554 /* RealmRxPlayerPersistenceProviderTests.swift in Sources */ = {isa = PBXBuildFile; fileRef = 6E5B3CF91D2D44A200775D9F /* RealmRxPlayerPersistenceProviderTests.swift */; };
		6E166B9E1D4FCDD000445554 /* RealmMediaLibraryTests.swift in Sources */ = {isa = PBXBuildFile; fileRef = 6E5B3CF81D2D44A200775D9F /* RealmMediaLibraryTests.swift */; };
		6E166B9F1D4FCDDA00445554 /* NSFileManagerTests.swift in Sources */ = {isa = PBXBuildFile; fileRef = 6E5B3CF71D2D44A200775D9F /* NSFileManagerTests.swift */; };
		6E166BA01D4FCDE300445554 /* LocalNsUserDefaultsStorage.swift in Sources */ = {isa = PBXBuildFile; fileRef = 6E5B3CF61D2D44A200775D9F /* LocalNsUserDefaultsStorage.swift */; };
		6E166BA11D4FCDEA00445554 /* LocalFileStreamDataTaskTests.swift in Sources */ = {isa = PBXBuildFile; fileRef = 6E5B3CF51D2D44A200775D9F /* LocalFileStreamDataTaskTests.swift */; };
		6E166BA31D4FCEE300445554 /* AssetResourceLoaderTests.swift in Sources */ = {isa = PBXBuildFile; fileRef = 6E5B3CF21D2D44A200775D9F /* AssetResourceLoaderTests.swift */; };
		6E166BA41D4FD7FE00445554 /* DownloadManagerTests.swift in Sources */ = {isa = PBXBuildFile; fileRef = 6E5B3CF41D2D44A200775D9F /* DownloadManagerTests.swift */; };
		6E38596A1D351B3500631969 /* MetadataTest2.mp3 in Resources */ = {isa = PBXBuildFile; fileRef = 6E3859691D351B3500631969 /* MetadataTest2.mp3 */; };
		6E5B3CD81D2D089500775D9F /* NSURL.swift in Sources */ = {isa = PBXBuildFile; fileRef = 6E5B3CD71D2D089500775D9F /* NSURL.swift */; };
		6E5B3CDA1D2D08F900775D9F /* NSFileManager.swift in Sources */ = {isa = PBXBuildFile; fileRef = 6E5B3CD91D2D08F900775D9F /* NSFileManager.swift */; };
		6E5B3CDC1D2D094300775D9F /* Collection.swift in Sources */ = {isa = PBXBuildFile; fileRef = 6E5B3CDB1D2D094300775D9F /* Collection.swift */; };
		6E5B3CDE1D2D0A8B00775D9F /* NSUserDefaults.swift in Sources */ = {isa = PBXBuildFile; fileRef = 6E5B3CDD1D2D0A8B00775D9F /* NSUserDefaults.swift */; };
		6E5B3CE01D2D0C1F00775D9F /* CMTime.swift in Sources */ = {isa = PBXBuildFile; fileRef = 6E5B3CDF1D2D0C1F00775D9F /* CMTime.swift */; };
		6E5B3CE21D2D0F6200775D9F /* NSMutableOrderedSet.swift in Sources */ = {isa = PBXBuildFile; fileRef = 6E5B3CE11D2D0F6200775D9F /* NSMutableOrderedSet.swift */; };
		6E5B3CE41D2D16E800775D9F /* Dictionary.swift in Sources */ = {isa = PBXBuildFile; fileRef = 6E5B3CE31D2D16E800775D9F /* Dictionary.swift */; };
		6E5B3D0B1D2D450000775D9F /* Fake.swift in Sources */ = {isa = PBXBuildFile; fileRef = 6E5B3D0A1D2D450000775D9F /* Fake.swift */; };
		6E736EC31D4FC58700D12752 /* StreamResourceIdentifierTests.swift in Sources */ = {isa = PBXBuildFile; fileRef = 6E5B3CFD1D2D44A200775D9F /* StreamResourceIdentifierTests.swift */; };
		6E736EC41D4FC60A00D12752 /* RxPlayerQueueTests.swift in Sources */ = {isa = PBXBuildFile; fileRef = 6E5B3CFC1D2D44A200775D9F /* RxPlayerQueueTests.swift */; };
		6E736EC51D4FC6C800D12752 /* RxPlayerPlayControlsTests.swift in Sources */ = {isa = PBXBuildFile; fileRef = 6E5B3CFB1D2D44A200775D9F /* RxPlayerPlayControlsTests.swift */; };
		6E736EC61D4FC70600D12752 /* RxPlayerMetadataLoadTests.swift in Sources */ = {isa = PBXBuildFile; fileRef = 6E5B3CFA1D2D44A200775D9F /* RxPlayerMetadataLoadTests.swift */; };
		6E9A3A8A1D2BF49200EC581E /* AudioItemMetadata.swift in Sources */ = {isa = PBXBuildFile; fileRef = 6E9A3A741D2BF49200EC581E /* AudioItemMetadata.swift */; };
		6E9A3A8B1D2BF49200EC581E /* AVAssetResourceLoaderEventsObserver.swift in Sources */ = {isa = PBXBuildFile; fileRef = 6E9A3A751D2BF49200EC581E /* AVAssetResourceLoaderEventsObserver.swift */; };
		6E9A3A8C1D2BF49200EC581E /* DownloadManager.swift in Sources */ = {isa = PBXBuildFile; fileRef = 6E9A3A761D2BF49200EC581E /* DownloadManager.swift */; };
		6E9A3A8D1D2BF49200EC581E /* InternalPlayer.swift in Sources */ = {isa = PBXBuildFile; fileRef = 6E9A3A771D2BF49200EC581E /* InternalPlayer.swift */; };
		6E9A3A8E1D2BF49200EC581E /* LocalFileStreamDataTask.swift in Sources */ = {isa = PBXBuildFile; fileRef = 6E9A3A781D2BF49200EC581E /* LocalFileStreamDataTask.swift */; };
		6E9A3A8F1D2BF49200EC581E /* LocalStorage.swift in Sources */ = {isa = PBXBuildFile; fileRef = 6E9A3A791D2BF49200EC581E /* LocalStorage.swift */; };
		6E9A3A901D2BF49200EC581E /* MediaLibrary.swift in Sources */ = {isa = PBXBuildFile; fileRef = 6E9A3A7A1D2BF49200EC581E /* MediaLibrary.swift */; };
		6E9A3A911D2BF49200EC581E /* PlayerStatePersistenceProvider.swift in Sources */ = {isa = PBXBuildFile; fileRef = 6E9A3A7B1D2BF49200EC581E /* PlayerStatePersistenceProvider.swift */; };
		6E9A3A921D2BF49200EC581E /* RealmMediaLibrary.swift in Sources */ = {isa = PBXBuildFile; fileRef = 6E9A3A7C1D2BF49200EC581E /* RealmMediaLibrary.swift */; };
		6E9A3A931D2BF49200EC581E /* RxPlayer.swift in Sources */ = {isa = PBXBuildFile; fileRef = 6E9A3A7D1D2BF49200EC581E /* RxPlayer.swift */; };
		6E9A3A941D2BF49200EC581E /* RxPlayer+AssetLoader.swift in Sources */ = {isa = PBXBuildFile; fileRef = 6E9A3A7E1D2BF49200EC581E /* RxPlayer+AssetLoader.swift */; };
		6E9A3A951D2BF49200EC581E /* RxPlayer+Background.swift in Sources */ = {isa = PBXBuildFile; fileRef = 6E9A3A7F1D2BF49200EC581E /* RxPlayer+Background.swift */; };
		6E9A3A961D2BF49200EC581E /* RxPlayer+LoadMetadata.swift in Sources */ = {isa = PBXBuildFile; fileRef = 6E9A3A801D2BF49200EC581E /* RxPlayer+LoadMetadata.swift */; };
		6E9A3A971D2BF49200EC581E /* RxPlayer+PlayControl.swift in Sources */ = {isa = PBXBuildFile; fileRef = 6E9A3A811D2BF49200EC581E /* RxPlayer+PlayControl.swift */; };
		6E9A3A981D2BF49200EC581E /* RxPlayer+Queue.swift in Sources */ = {isa = PBXBuildFile; fileRef = 6E9A3A821D2BF49200EC581E /* RxPlayer+Queue.swift */; };
		6E9A3A991D2BF49200EC581E /* RxPlayerQueueItem.swift in Sources */ = {isa = PBXBuildFile; fileRef = 6E9A3A831D2BF49200EC581E /* RxPlayerQueueItem.swift */; };
		6E9A3A9A1D2BF49200EC581E /* SPExtensions.swift in Sources */ = {isa = PBXBuildFile; fileRef = 6E9A3A841D2BF49200EC581E /* SPExtensions.swift */; };
		6E9A3A9D1D2BF49200EC581E /* StreamPlayerUtilities.swift in Sources */ = {isa = PBXBuildFile; fileRef = 6E9A3A871D2BF49200EC581E /* StreamPlayerUtilities.swift */; };
		6E9A3A9E1D2BF49200EC581E /* StreamResourceIdentifier.swift in Sources */ = {isa = PBXBuildFile; fileRef = 6E9A3A881D2BF49200EC581E /* StreamResourceIdentifier.swift */; };
		6E9A3A9F1D2BF49200EC581E /* StreamResourceLoader.swift in Sources */ = {isa = PBXBuildFile; fileRef = 6E9A3A891D2BF49200EC581E /* StreamResourceLoader.swift */; };
		6E9A3AA11D2BF4BD00EC581E /* RxSwift.framework in Frameworks */ = {isa = PBXBuildFile; fileRef = 6E9A3AA01D2BF4BD00EC581E /* RxSwift.framework */; };
		6E9A3AA31D2BF4DA00EC581E /* RxCocoa.framework in Frameworks */ = {isa = PBXBuildFile; fileRef = 6E9A3AA21D2BF4DA00EC581E /* RxCocoa.framework */; };
		6E9A3AA91D2BF5EE00EC581E /* RxHttpClient.framework in Frameworks */ = {isa = PBXBuildFile; fileRef = 6E9A3AA81D2BF5EE00EC581E /* RxHttpClient.framework */; };
		6E9A3AAB1D2BFD0900EC581E /* RealmSwift.framework in Frameworks */ = {isa = PBXBuildFile; fileRef = 6E9A3AAA1D2BFD0900EC581E /* RealmSwift.framework */; };
		6E9A3AAD1D2BFD3800EC581E /* Realm.framework in Frameworks */ = {isa = PBXBuildFile; fileRef = 6E9A3AAC1D2BFD3800EC581E /* Realm.framework */; };
		6ECD09091D2E5AD00087180B /* Excensions.swift in Sources */ = {isa = PBXBuildFile; fileRef = 6ECD09081D2E5AD00087180B /* Excensions.swift */; };
		6ECD09101D2E7C2D0087180B /* MetadataTest.mp3 in Resources */ = {isa = PBXBuildFile; fileRef = 6ECD090F1D2E7C2D0087180B /* MetadataTest.mp3 */; };
/* End PBXBuildFile section */

/* Begin PBXContainerItemProxy section */
		6E0951881D2BED56005C4BD1 /* PBXContainerItemProxy */ = {
			isa = PBXContainerItemProxy;
			containerPortal = 6E0951731D2BED56005C4BD1 /* Project object */;
			proxyType = 1;
			remoteGlobalIDString = 6E09517B1D2BED56005C4BD1;
			remoteInfo = RxStreamPlayer;
		};
/* End PBXContainerItemProxy section */

/* Begin PBXFileReference section */
		6E09517C1D2BED56005C4BD1 /* RxStreamPlayer.framework */ = {isa = PBXFileReference; explicitFileType = wrapper.framework; includeInIndex = 0; path = RxStreamPlayer.framework; sourceTree = BUILT_PRODUCTS_DIR; };
		6E0951811D2BED56005C4BD1 /* Info.plist */ = {isa = PBXFileReference; lastKnownFileType = text.plist.xml; path = Info.plist; sourceTree = "<group>"; };
		6E0951861D2BED56005C4BD1 /* RxStreamPlayerTests.xctest */ = {isa = PBXFileReference; explicitFileType = wrapper.cfbundle; includeInIndex = 0; path = RxStreamPlayerTests.xctest; sourceTree = BUILT_PRODUCTS_DIR; };
		6E09518D1D2BED56005C4BD1 /* Info.plist */ = {isa = PBXFileReference; lastKnownFileType = text.plist.xml; path = Info.plist; sourceTree = "<group>"; };
		6E3859691D351B3500631969 /* MetadataTest2.mp3 */ = {isa = PBXFileReference; lastKnownFileType = audio.mp3; path = MetadataTest2.mp3; sourceTree = "<group>"; };
		6E5B3CD71D2D089500775D9F /* NSURL.swift */ = {isa = PBXFileReference; fileEncoding = 4; lastKnownFileType = sourcecode.swift; path = NSURL.swift; sourceTree = "<group>"; };
		6E5B3CD91D2D08F900775D9F /* NSFileManager.swift */ = {isa = PBXFileReference; fileEncoding = 4; lastKnownFileType = sourcecode.swift; path = NSFileManager.swift; sourceTree = "<group>"; };
		6E5B3CDB1D2D094300775D9F /* Collection.swift */ = {isa = PBXFileReference; fileEncoding = 4; lastKnownFileType = sourcecode.swift; path = Collection.swift; sourceTree = "<group>"; };
		6E5B3CDD1D2D0A8B00775D9F /* NSUserDefaults.swift */ = {isa = PBXFileReference; fileEncoding = 4; lastKnownFileType = sourcecode.swift; path = NSUserDefaults.swift; sourceTree = "<group>"; };
		6E5B3CDF1D2D0C1F00775D9F /* CMTime.swift */ = {isa = PBXFileReference; fileEncoding = 4; lastKnownFileType = sourcecode.swift; path = CMTime.swift; sourceTree = "<group>"; };
		6E5B3CE11D2D0F6200775D9F /* NSMutableOrderedSet.swift */ = {isa = PBXFileReference; fileEncoding = 4; lastKnownFileType = sourcecode.swift; path = NSMutableOrderedSet.swift; sourceTree = "<group>"; };
		6E5B3CE31D2D16E800775D9F /* Dictionary.swift */ = {isa = PBXFileReference; fileEncoding = 4; lastKnownFileType = sourcecode.swift; path = Dictionary.swift; sourceTree = "<group>"; };
		6E5B3CF21D2D44A200775D9F /* AssetResourceLoaderTests.swift */ = {isa = PBXFileReference; fileEncoding = 4; lastKnownFileType = sourcecode.swift; path = AssetResourceLoaderTests.swift; sourceTree = "<group>"; };
		6E5B3CF31D2D44A200775D9F /* CloudResourceLoaderTests.swift */ = {isa = PBXFileReference; fileEncoding = 4; lastKnownFileType = sourcecode.swift; path = CloudResourceLoaderTests.swift; sourceTree = "<group>"; };
		6E5B3CF41D2D44A200775D9F /* DownloadManagerTests.swift */ = {isa = PBXFileReference; fileEncoding = 4; lastKnownFileType = sourcecode.swift; path = DownloadManagerTests.swift; sourceTree = "<group>"; };
		6E5B3CF51D2D44A200775D9F /* LocalFileStreamDataTaskTests.swift */ = {isa = PBXFileReference; fileEncoding = 4; lastKnownFileType = sourcecode.swift; path = LocalFileStreamDataTaskTests.swift; sourceTree = "<group>"; };
		6E5B3CF61D2D44A200775D9F /* LocalNsUserDefaultsStorage.swift */ = {isa = PBXFileReference; fileEncoding = 4; lastKnownFileType = sourcecode.swift; path = LocalNsUserDefaultsStorage.swift; sourceTree = "<group>"; };
		6E5B3CF71D2D44A200775D9F /* NSFileManagerTests.swift */ = {isa = PBXFileReference; fileEncoding = 4; lastKnownFileType = sourcecode.swift; path = NSFileManagerTests.swift; sourceTree = "<group>"; };
		6E5B3CF81D2D44A200775D9F /* RealmMediaLibraryTests.swift */ = {isa = PBXFileReference; fileEncoding = 4; lastKnownFileType = sourcecode.swift; path = RealmMediaLibraryTests.swift; sourceTree = "<group>"; };
		6E5B3CF91D2D44A200775D9F /* RealmRxPlayerPersistenceProviderTests.swift */ = {isa = PBXFileReference; fileEncoding = 4; lastKnownFileType = sourcecode.swift; path = RealmRxPlayerPersistenceProviderTests.swift; sourceTree = "<group>"; };
		6E5B3CFA1D2D44A200775D9F /* RxPlayerMetadataLoadTests.swift */ = {isa = PBXFileReference; fileEncoding = 4; lastKnownFileType = sourcecode.swift; path = RxPlayerMetadataLoadTests.swift; sourceTree = "<group>"; };
		6E5B3CFB1D2D44A200775D9F /* RxPlayerPlayControlsTests.swift */ = {isa = PBXFileReference; fileEncoding = 4; lastKnownFileType = sourcecode.swift; path = RxPlayerPlayControlsTests.swift; sourceTree = "<group>"; };
		6E5B3CFC1D2D44A200775D9F /* RxPlayerQueueTests.swift */ = {isa = PBXFileReference; fileEncoding = 4; lastKnownFileType = sourcecode.swift; path = RxPlayerQueueTests.swift; sourceTree = "<group>"; };
		6E5B3CFD1D2D44A200775D9F /* StreamResourceIdentifierTests.swift */ = {isa = PBXFileReference; fileEncoding = 4; lastKnownFileType = sourcecode.swift; path = StreamResourceIdentifierTests.swift; sourceTree = "<group>"; };
		6E5B3D0A1D2D450000775D9F /* Fake.swift */ = {isa = PBXFileReference; fileEncoding = 4; lastKnownFileType = sourcecode.swift; path = Fake.swift; sourceTree = "<group>"; };
		6E5B3D191D2D4D9C00775D9F /* RxBlocking.framework */ = {isa = PBXFileReference; lastKnownFileType = wrapper.framework; name = RxBlocking.framework; path = Dependencies/iOS/RxBlocking.framework; sourceTree = "<group>"; };
		6E9A3A741D2BF49200EC581E /* AudioItemMetadata.swift */ = {isa = PBXFileReference; fileEncoding = 4; lastKnownFileType = sourcecode.swift; path = AudioItemMetadata.swift; sourceTree = "<group>"; };
		6E9A3A751D2BF49200EC581E /* AVAssetResourceLoaderEventsObserver.swift */ = {isa = PBXFileReference; fileEncoding = 4; lastKnownFileType = sourcecode.swift; path = AVAssetResourceLoaderEventsObserver.swift; sourceTree = "<group>"; };
		6E9A3A761D2BF49200EC581E /* DownloadManager.swift */ = {isa = PBXFileReference; fileEncoding = 4; lastKnownFileType = sourcecode.swift; path = DownloadManager.swift; sourceTree = "<group>"; };
		6E9A3A771D2BF49200EC581E /* InternalPlayer.swift */ = {isa = PBXFileReference; fileEncoding = 4; lastKnownFileType = sourcecode.swift; path = InternalPlayer.swift; sourceTree = "<group>"; };
		6E9A3A781D2BF49200EC581E /* LocalFileStreamDataTask.swift */ = {isa = PBXFileReference; fileEncoding = 4; lastKnownFileType = sourcecode.swift; path = LocalFileStreamDataTask.swift; sourceTree = "<group>"; };
		6E9A3A791D2BF49200EC581E /* LocalStorage.swift */ = {isa = PBXFileReference; fileEncoding = 4; lastKnownFileType = sourcecode.swift; path = LocalStorage.swift; sourceTree = "<group>"; };
		6E9A3A7A1D2BF49200EC581E /* MediaLibrary.swift */ = {isa = PBXFileReference; fileEncoding = 4; lastKnownFileType = sourcecode.swift; path = MediaLibrary.swift; sourceTree = "<group>"; };
		6E9A3A7B1D2BF49200EC581E /* PlayerStatePersistenceProvider.swift */ = {isa = PBXFileReference; fileEncoding = 4; lastKnownFileType = sourcecode.swift; path = PlayerStatePersistenceProvider.swift; sourceTree = "<group>"; };
		6E9A3A7C1D2BF49200EC581E /* RealmMediaLibrary.swift */ = {isa = PBXFileReference; fileEncoding = 4; lastKnownFileType = sourcecode.swift; path = RealmMediaLibrary.swift; sourceTree = "<group>"; };
		6E9A3A7D1D2BF49200EC581E /* RxPlayer.swift */ = {isa = PBXFileReference; fileEncoding = 4; lastKnownFileType = sourcecode.swift; path = RxPlayer.swift; sourceTree = "<group>"; };
		6E9A3A7E1D2BF49200EC581E /* RxPlayer+AssetLoader.swift */ = {isa = PBXFileReference; fileEncoding = 4; lastKnownFileType = sourcecode.swift; path = "RxPlayer+AssetLoader.swift"; sourceTree = "<group>"; };
		6E9A3A7F1D2BF49200EC581E /* RxPlayer+Background.swift */ = {isa = PBXFileReference; fileEncoding = 4; lastKnownFileType = sourcecode.swift; path = "RxPlayer+Background.swift"; sourceTree = "<group>"; };
		6E9A3A801D2BF49200EC581E /* RxPlayer+LoadMetadata.swift */ = {isa = PBXFileReference; fileEncoding = 4; lastKnownFileType = sourcecode.swift; path = "RxPlayer+LoadMetadata.swift"; sourceTree = "<group>"; };
		6E9A3A811D2BF49200EC581E /* RxPlayer+PlayControl.swift */ = {isa = PBXFileReference; fileEncoding = 4; lastKnownFileType = sourcecode.swift; path = "RxPlayer+PlayControl.swift"; sourceTree = "<group>"; };
		6E9A3A821D2BF49200EC581E /* RxPlayer+Queue.swift */ = {isa = PBXFileReference; fileEncoding = 4; lastKnownFileType = sourcecode.swift; path = "RxPlayer+Queue.swift"; sourceTree = "<group>"; };
		6E9A3A831D2BF49200EC581E /* RxPlayerQueueItem.swift */ = {isa = PBXFileReference; fileEncoding = 4; lastKnownFileType = sourcecode.swift; path = RxPlayerQueueItem.swift; sourceTree = "<group>"; };
		6E9A3A841D2BF49200EC581E /* SPExtensions.swift */ = {isa = PBXFileReference; fileEncoding = 4; lastKnownFileType = sourcecode.swift; path = SPExtensions.swift; sourceTree = "<group>"; };
		6E9A3A871D2BF49200EC581E /* StreamPlayerUtilities.swift */ = {isa = PBXFileReference; fileEncoding = 4; lastKnownFileType = sourcecode.swift; path = StreamPlayerUtilities.swift; sourceTree = "<group>"; };
		6E9A3A881D2BF49200EC581E /* StreamResourceIdentifier.swift */ = {isa = PBXFileReference; fileEncoding = 4; lastKnownFileType = sourcecode.swift; path = StreamResourceIdentifier.swift; sourceTree = "<group>"; };
		6E9A3A891D2BF49200EC581E /* StreamResourceLoader.swift */ = {isa = PBXFileReference; fileEncoding = 4; lastKnownFileType = sourcecode.swift; path = StreamResourceLoader.swift; sourceTree = "<group>"; };
		6E9A3AA01D2BF4BD00EC581E /* RxSwift.framework */ = {isa = PBXFileReference; lastKnownFileType = wrapper.framework; name = RxSwift.framework; path = Dependencies/iOS/RxSwift.framework; sourceTree = "<group>"; };
		6E9A3AA21D2BF4DA00EC581E /* RxCocoa.framework */ = {isa = PBXFileReference; lastKnownFileType = wrapper.framework; name = RxCocoa.framework; path = Dependencies/iOS/RxCocoa.framework; sourceTree = "<group>"; };
		6E9A3AA81D2BF5EE00EC581E /* RxHttpClient.framework */ = {isa = PBXFileReference; lastKnownFileType = wrapper.framework; name = RxHttpClient.framework; path = Dependencies/iOS/RxHttpClient.framework; sourceTree = "<group>"; };
		6E9A3AAA1D2BFD0900EC581E /* RealmSwift.framework */ = {isa = PBXFileReference; lastKnownFileType = wrapper.framework; name = RealmSwift.framework; path = Dependencies/iOS/RealmSwift.framework; sourceTree = "<group>"; };
		6E9A3AAC1D2BFD3800EC581E /* Realm.framework */ = {isa = PBXFileReference; lastKnownFileType = wrapper.framework; name = Realm.framework; path = Dependencies/iOS/Realm.framework; sourceTree = "<group>"; };
		6ECD09081D2E5AD00087180B /* Excensions.swift */ = {isa = PBXFileReference; fileEncoding = 4; lastKnownFileType = sourcecode.swift; path = Excensions.swift; sourceTree = "<group>"; };
		6ECD090F1D2E7C2D0087180B /* MetadataTest.mp3 */ = {isa = PBXFileReference; lastKnownFileType = audio.mp3; path = MetadataTest.mp3; sourceTree = "<group>"; };
/* End PBXFileReference section */

/* Begin PBXFrameworksBuildPhase section */
		6E0951781D2BED56005C4BD1 /* Frameworks */ = {
			isa = PBXFrameworksBuildPhase;
			buildActionMask = 2147483647;
			files = (
				6E9A3AAD1D2BFD3800EC581E /* Realm.framework in Frameworks */,
				6E9A3AAB1D2BFD0900EC581E /* RealmSwift.framework in Frameworks */,
				6E9A3AA91D2BF5EE00EC581E /* RxHttpClient.framework in Frameworks */,
				6E9A3AA31D2BF4DA00EC581E /* RxCocoa.framework in Frameworks */,
				6E9A3AA11D2BF4BD00EC581E /* RxSwift.framework in Frameworks */,
			);
			runOnlyForDeploymentPostprocessing = 0;
		};
		6E0951831D2BED56005C4BD1 /* Frameworks */ = {
			isa = PBXFrameworksBuildPhase;
			buildActionMask = 2147483647;
			files = (
			);
			runOnlyForDeploymentPostprocessing = 0;
		};
/* End PBXFrameworksBuildPhase section */

/* Begin PBXGroup section */
		6E0951721D2BED56005C4BD1 = {
			isa = PBXGroup;
			children = (
				6E5B3D191D2D4D9C00775D9F /* RxBlocking.framework */,
				6E9A3AAC1D2BFD3800EC581E /* Realm.framework */,
				6E9A3AAA1D2BFD0900EC581E /* RealmSwift.framework */,
				6E9A3AA81D2BF5EE00EC581E /* RxHttpClient.framework */,
				6E9A3AA21D2BF4DA00EC581E /* RxCocoa.framework */,
				6E9A3AA01D2BF4BD00EC581E /* RxSwift.framework */,
				6E09517E1D2BED56005C4BD1 /* RxStreamPlayer */,
				6E09518A1D2BED56005C4BD1 /* RxStreamPlayerTests */,
				6E09517D1D2BED56005C4BD1 /* Products */,
			);
			sourceTree = "<group>";
		};
		6E09517D1D2BED56005C4BD1 /* Products */ = {
			isa = PBXGroup;
			children = (
				6E09517C1D2BED56005C4BD1 /* RxStreamPlayer.framework */,
				6E0951861D2BED56005C4BD1 /* RxStreamPlayerTests.xctest */,
			);
			name = Products;
			sourceTree = "<group>";
		};
		6E09517E1D2BED56005C4BD1 /* RxStreamPlayer */ = {
			isa = PBXGroup;
			children = (
				6E5B3CD61D2D07DE00775D9F /* CommonExtensions */,
				6E9A3A741D2BF49200EC581E /* AudioItemMetadata.swift */,
				6E9A3A751D2BF49200EC581E /* AVAssetResourceLoaderEventsObserver.swift */,
				6E9A3A761D2BF49200EC581E /* DownloadManager.swift */,
				6E9A3A771D2BF49200EC581E /* InternalPlayer.swift */,
				6E9A3A781D2BF49200EC581E /* LocalFileStreamDataTask.swift */,
				6E9A3A791D2BF49200EC581E /* LocalStorage.swift */,
				6E9A3A7A1D2BF49200EC581E /* MediaLibrary.swift */,
				6E9A3A7C1D2BF49200EC581E /* RealmMediaLibrary.swift */,
				6E9A3A7B1D2BF49200EC581E /* PlayerStatePersistenceProvider.swift */,
				6E9A3A7D1D2BF49200EC581E /* RxPlayer.swift */,
				6E9A3A7E1D2BF49200EC581E /* RxPlayer+AssetLoader.swift */,
				6E9A3A7F1D2BF49200EC581E /* RxPlayer+Background.swift */,
				6E9A3A801D2BF49200EC581E /* RxPlayer+LoadMetadata.swift */,
				6E9A3A811D2BF49200EC581E /* RxPlayer+PlayControl.swift */,
				6E9A3A821D2BF49200EC581E /* RxPlayer+Queue.swift */,
				6E9A3A831D2BF49200EC581E /* RxPlayerQueueItem.swift */,
				6E9A3A841D2BF49200EC581E /* SPExtensions.swift */,
				6E9A3A871D2BF49200EC581E /* StreamPlayerUtilities.swift */,
				6E9A3A881D2BF49200EC581E /* StreamResourceIdentifier.swift */,
				6E9A3A891D2BF49200EC581E /* StreamResourceLoader.swift */,
				6E0951811D2BED56005C4BD1 /* Info.plist */,
			);
			path = RxStreamPlayer;
			sourceTree = "<group>";
		};
		6E09518A1D2BED56005C4BD1 /* RxStreamPlayerTests */ = {
			isa = PBXGroup;
			children = (
				6ECD090E1D2E7C0D0087180B /* Misc */,
				6E09518D1D2BED56005C4BD1 /* Info.plist */,
				6ECD09081D2E5AD00087180B /* Excensions.swift */,
				6E5B3D0A1D2D450000775D9F /* Fake.swift */,
				6E5B3CF21D2D44A200775D9F /* AssetResourceLoaderTests.swift */,
				6E5B3CF31D2D44A200775D9F /* CloudResourceLoaderTests.swift */,
				6E5B3CF41D2D44A200775D9F /* DownloadManagerTests.swift */,
				6E5B3CF51D2D44A200775D9F /* LocalFileStreamDataTaskTests.swift */,
				6E5B3CF61D2D44A200775D9F /* LocalNsUserDefaultsStorage.swift */,
				6E5B3CF71D2D44A200775D9F /* NSFileManagerTests.swift */,
				6E5B3CF81D2D44A200775D9F /* RealmMediaLibraryTests.swift */,
				6E5B3CF91D2D44A200775D9F /* RealmRxPlayerPersistenceProviderTests.swift */,
				6E5B3CFA1D2D44A200775D9F /* RxPlayerMetadataLoadTests.swift */,
				6E5B3CFB1D2D44A200775D9F /* RxPlayerPlayControlsTests.swift */,
				6E5B3CFC1D2D44A200775D9F /* RxPlayerQueueTests.swift */,
				6E5B3CFD1D2D44A200775D9F /* StreamResourceIdentifierTests.swift */,
			);
			path = RxStreamPlayerTests;
			sourceTree = "<group>";
		};
		6E5B3CD61D2D07DE00775D9F /* CommonExtensions */ = {
			isa = PBXGroup;
			children = (
				6E5B3CD71D2D089500775D9F /* NSURL.swift */,
				6E5B3CD91D2D08F900775D9F /* NSFileManager.swift */,
				6E5B3CDB1D2D094300775D9F /* Collection.swift */,
				6E5B3CDD1D2D0A8B00775D9F /* NSUserDefaults.swift */,
				6E5B3CDF1D2D0C1F00775D9F /* CMTime.swift */,
				6E5B3CE11D2D0F6200775D9F /* NSMutableOrderedSet.swift */,
				6E5B3CE31D2D16E800775D9F /* Dictionary.swift */,
			);
			name = CommonExtensions;
			path = RxStreamPlayer/CommonExtensions;
			sourceTree = SOURCE_ROOT;
		};
		6ECD090E1D2E7C0D0087180B /* Misc */ = {
			isa = PBXGroup;
			children = (
				6E3859691D351B3500631969 /* MetadataTest2.mp3 */,
				6ECD090F1D2E7C2D0087180B /* MetadataTest.mp3 */,
			);
			name = Misc;
			path = RxStreamPlayerTests/Misc;
			sourceTree = SOURCE_ROOT;
		};
/* End PBXGroup section */

/* Begin PBXHeadersBuildPhase section */
		6E0951791D2BED56005C4BD1 /* Headers */ = {
			isa = PBXHeadersBuildPhase;
			buildActionMask = 2147483647;
			files = (
			);
			runOnlyForDeploymentPostprocessing = 0;
		};
/* End PBXHeadersBuildPhase section */

/* Begin PBXNativeTarget section */
		6E09517B1D2BED56005C4BD1 /* RxStreamPlayer */ = {
			isa = PBXNativeTarget;
			buildConfigurationList = 6E0951901D2BED56005C4BD1 /* Build configuration list for PBXNativeTarget "RxStreamPlayer" */;
			buildPhases = (
				6E0951771D2BED56005C4BD1 /* Sources */,
				6E0951781D2BED56005C4BD1 /* Frameworks */,
				6E0951791D2BED56005C4BD1 /* Headers */,
				6E09517A1D2BED56005C4BD1 /* Resources */,
				6ECD09051D2E50BD0087180B /* Copy submodule frameworks */,
			);
			buildRules = (
			);
			dependencies = (
			);
			name = RxStreamPlayer;
			productName = RxStreamPlayer;
			productReference = 6E09517C1D2BED56005C4BD1 /* RxStreamPlayer.framework */;
			productType = "com.apple.product-type.framework";
		};
		6E0951851D2BED56005C4BD1 /* RxStreamPlayerTests */ = {
			isa = PBXNativeTarget;
			buildConfigurationList = 6E0951931D2BED56005C4BD1 /* Build configuration list for PBXNativeTarget "RxStreamPlayerTests" */;
			buildPhases = (
				6E0951821D2BED56005C4BD1 /* Sources */,
				6E0951831D2BED56005C4BD1 /* Frameworks */,
				6E0951841D2BED56005C4BD1 /* Resources */,
				6E5B3CE61D2D1E2400775D9F /* Copy carthage frameworks */,
			);
			buildRules = (
			);
			dependencies = (
				6E0951891D2BED56005C4BD1 /* PBXTargetDependency */,
			);
			name = RxStreamPlayerTests;
			productName = RxStreamPlayerTests;
			productReference = 6E0951861D2BED56005C4BD1 /* RxStreamPlayerTests.xctest */;
			productType = "com.apple.product-type.bundle.unit-test";
		};
/* End PBXNativeTarget section */

/* Begin PBXProject section */
		6E0951731D2BED56005C4BD1 /* Project object */ = {
			isa = PBXProject;
			attributes = {
				LastSwiftUpdateCheck = 0730;
				LastUpgradeCheck = 0730;
				ORGANIZATIONNAME = "Anton Efimenko";
				TargetAttributes = {
					6E09517B1D2BED56005C4BD1 = {
						CreatedOnToolsVersion = 7.3;
					};
					6E0951851D2BED56005C4BD1 = {
						CreatedOnToolsVersion = 7.3;
					};
				};
			};
			buildConfigurationList = 6E0951761D2BED56005C4BD1 /* Build configuration list for PBXProject "RxStreamPlayer" */;
			compatibilityVersion = "Xcode 3.2";
			developmentRegion = English;
			hasScannedForEncodings = 0;
			knownRegions = (
				en,
			);
			mainGroup = 6E0951721D2BED56005C4BD1;
			productRefGroup = 6E09517D1D2BED56005C4BD1 /* Products */;
			projectDirPath = "";
			projectRoot = "";
			targets = (
				6E09517B1D2BED56005C4BD1 /* RxStreamPlayer */,
				6E0951851D2BED56005C4BD1 /* RxStreamPlayerTests */,
			);
		};
/* End PBXProject section */

/* Begin PBXResourcesBuildPhase section */
		6E09517A1D2BED56005C4BD1 /* Resources */ = {
			isa = PBXResourcesBuildPhase;
			buildActionMask = 2147483647;
			files = (
			);
			runOnlyForDeploymentPostprocessing = 0;
		};
		6E0951841D2BED56005C4BD1 /* Resources */ = {
			isa = PBXResourcesBuildPhase;
			buildActionMask = 2147483647;
			files = (
				6E38596A1D351B3500631969 /* MetadataTest2.mp3 in Resources */,
				6ECD09101D2E7C2D0087180B /* MetadataTest.mp3 in Resources */,
			);
			runOnlyForDeploymentPostprocessing = 0;
		};
/* End PBXResourcesBuildPhase section */

/* Begin PBXShellScriptBuildPhase section */
		6E5B3CE61D2D1E2400775D9F /* Copy carthage frameworks */ = {
			isa = PBXShellScriptBuildPhase;
			buildActionMask = 2147483647;
			files = (
			);
			inputPaths = (
				"$(SRCROOT)/Dependencies/iOS/RxSwift.framework",
				"$(SRCROOT)/Dependencies/iOS/Realm.framework",
				"$(SRCROOT)/Dependencies/iOS/RealmSwift.framework",
				"$(SRCROOT)/Dependencies/iOS/RxHttpClient.framework",
				"$(SRCROOT)/Dependencies/iOS/OHHTTPStubs.framework",
				"$(SRCROOT)/Dependencies/iOS/RxBlocking.framework",
				"$(SRCROOT)/Dependencies/iOS/RxTests.framework",
				"$(SRCROOT)/Dependencies/iOS/RxCocoa.framework",
			);
			name = "Copy carthage frameworks";
			outputPaths = (
			);
			runOnlyForDeploymentPostprocessing = 0;
			shellPath = /bin/sh;
			shellScript = "/usr/local/bin/carthage copy-frameworks";
		};
		6ECD09051D2E50BD0087180B /* Copy submodule frameworks */ = {
			isa = PBXShellScriptBuildPhase;
			buildActionMask = 2147483647;
			files = (
			);
			inputPaths = (
			);
			name = "Copy submodule frameworks";
			outputPaths = (
			);
			runOnlyForDeploymentPostprocessing = 0;
			shellPath = /bin/sh;
			shellScript = "/bin/sh ${SRCROOT}/Scripts/CopyInDevelopmentFrameworks.sh $BUILD_DIR";
		};
/* End PBXShellScriptBuildPhase section */

/* Begin PBXSourcesBuildPhase section */
		6E0951771D2BED56005C4BD1 /* Sources */ = {
			isa = PBXSourcesBuildPhase;
			buildActionMask = 2147483647;
			files = (
				6E9A3A901D2BF49200EC581E /* MediaLibrary.swift in Sources */,
				6E9A3A981D2BF49200EC581E /* RxPlayer+Queue.swift in Sources */,
				6E9A3A961D2BF49200EC581E /* RxPlayer+LoadMetadata.swift in Sources */,
				6E9A3A921D2BF49200EC581E /* RealmMediaLibrary.swift in Sources */,
				6E9A3A8E1D2BF49200EC581E /* LocalFileStreamDataTask.swift in Sources */,
				6E5B3CDC1D2D094300775D9F /* Collection.swift in Sources */,
				6E5B3CE01D2D0C1F00775D9F /* CMTime.swift in Sources */,
				6E9A3A9F1D2BF49200EC581E /* StreamResourceLoader.swift in Sources */,
				6E9A3A8A1D2BF49200EC581E /* AudioItemMetadata.swift in Sources */,
				6E9A3A9A1D2BF49200EC581E /* SPExtensions.swift in Sources */,
				6E9A3A9E1D2BF49200EC581E /* StreamResourceIdentifier.swift in Sources */,
				6E9A3A931D2BF49200EC581E /* RxPlayer.swift in Sources */,
				6E5B3CD81D2D089500775D9F /* NSURL.swift in Sources */,
				6E9A3A8D1D2BF49200EC581E /* InternalPlayer.swift in Sources */,
				6E9A3A8F1D2BF49200EC581E /* LocalStorage.swift in Sources */,
				6E9A3A911D2BF49200EC581E /* PlayerStatePersistenceProvider.swift in Sources */,
				6E9A3A941D2BF49200EC581E /* RxPlayer+AssetLoader.swift in Sources */,
				6E9A3A971D2BF49200EC581E /* RxPlayer+PlayControl.swift in Sources */,
				6E5B3CE21D2D0F6200775D9F /* NSMutableOrderedSet.swift in Sources */,
				6E9A3A8C1D2BF49200EC581E /* DownloadManager.swift in Sources */,
				6E5B3CDA1D2D08F900775D9F /* NSFileManager.swift in Sources */,
				6E9A3A9D1D2BF49200EC581E /* StreamPlayerUtilities.swift in Sources */,
				6E9A3A991D2BF49200EC581E /* RxPlayerQueueItem.swift in Sources */,
				6E5B3CDE1D2D0A8B00775D9F /* NSUserDefaults.swift in Sources */,
				6E5B3CE41D2D16E800775D9F /* Dictionary.swift in Sources */,
				6E9A3A951D2BF49200EC581E /* RxPlayer+Background.swift in Sources */,
				6E9A3A8B1D2BF49200EC581E /* AVAssetResourceLoaderEventsObserver.swift in Sources */,
			);
			runOnlyForDeploymentPostprocessing = 0;
		};
		6E0951821D2BED56005C4BD1 /* Sources */ = {
			isa = PBXSourcesBuildPhase;
			buildActionMask = 2147483647;
			files = (
				6E166B9E1D4FCDD000445554 /* RealmMediaLibraryTests.swift in Sources */,
				6E736EC51D4FC6C800D12752 /* RxPlayerPlayControlsTests.swift in Sources */,
				6ECD09091D2E5AD00087180B /* Excensions.swift in Sources */,
				6E166BA31D4FCEE300445554 /* AssetResourceLoaderTests.swift in Sources */,
				6E736EC31D4FC58700D12752 /* StreamResourceIdentifierTests.swift in Sources */,
				6E166BA01D4FCDE300445554 /* LocalNsUserDefaultsStorage.swift in Sources */,
				6E166B9D1D4FCDBE00445554 /* RealmRxPlayerPersistenceProviderTests.swift in Sources */,
				6E736EC41D4FC60A00D12752 /* RxPlayerQueueTests.swift in Sources */,
				6E5B3D0B1D2D450000775D9F /* Fake.swift in Sources */,
				6E166BA11D4FCDEA00445554 /* LocalFileStreamDataTaskTests.swift in Sources */,
				6E166BA41D4FD7FE00445554 /* DownloadManagerTests.swift in Sources */,
				6E736EC61D4FC70600D12752 /* RxPlayerMetadataLoadTests.swift in Sources */,
				6E166B9F1D4FCDDA00445554 /* NSFileManagerTests.swift in Sources */,
			);
			runOnlyForDeploymentPostprocessing = 0;
		};
/* End PBXSourcesBuildPhase section */

/* Begin PBXTargetDependency section */
		6E0951891D2BED56005C4BD1 /* PBXTargetDependency */ = {
			isa = PBXTargetDependency;
			target = 6E09517B1D2BED56005C4BD1 /* RxStreamPlayer */;
			targetProxy = 6E0951881D2BED56005C4BD1 /* PBXContainerItemProxy */;
		};
/* End PBXTargetDependency section */

/* Begin XCBuildConfiguration section */
		6E09518E1D2BED56005C4BD1 /* Debug */ = {
			isa = XCBuildConfiguration;
			buildSettings = {
				ALWAYS_SEARCH_USER_PATHS = NO;
				CLANG_ANALYZER_NONNULL = YES;
				CLANG_CXX_LANGUAGE_STANDARD = "gnu++0x";
				CLANG_CXX_LIBRARY = "libc++";
				CLANG_ENABLE_MODULES = YES;
				CLANG_ENABLE_OBJC_ARC = YES;
				CLANG_WARN_BOOL_CONVERSION = YES;
				CLANG_WARN_CONSTANT_CONVERSION = YES;
				CLANG_WARN_DIRECT_OBJC_ISA_USAGE = YES_ERROR;
				CLANG_WARN_EMPTY_BODY = YES;
				CLANG_WARN_ENUM_CONVERSION = YES;
				CLANG_WARN_INT_CONVERSION = YES;
				CLANG_WARN_OBJC_ROOT_CLASS = YES_ERROR;
				CLANG_WARN_UNREACHABLE_CODE = YES;
				CLANG_WARN__DUPLICATE_METHOD_MATCH = YES;
				"CODE_SIGN_IDENTITY[sdk=iphoneos*]" = "iPhone Developer";
				COPY_PHASE_STRIP = NO;
				CURRENT_PROJECT_VERSION = 1;
				DEBUG_INFORMATION_FORMAT = dwarf;
				ENABLE_STRICT_OBJC_MSGSEND = YES;
				ENABLE_TESTABILITY = YES;
				GCC_C_LANGUAGE_STANDARD = gnu99;
				GCC_DYNAMIC_NO_PIC = NO;
				GCC_NO_COMMON_BLOCKS = YES;
				GCC_OPTIMIZATION_LEVEL = 0;
				GCC_PREPROCESSOR_DEFINITIONS = (
					"DEBUG=1",
					"$(inherited)",
				);
				GCC_WARN_64_TO_32_BIT_CONVERSION = YES;
				GCC_WARN_ABOUT_RETURN_TYPE = YES_ERROR;
				GCC_WARN_UNDECLARED_SELECTOR = YES;
				GCC_WARN_UNINITIALIZED_AUTOS = YES_AGGRESSIVE;
				GCC_WARN_UNUSED_FUNCTION = YES;
				GCC_WARN_UNUSED_VARIABLE = YES;
				IPHONEOS_DEPLOYMENT_TARGET = 9.3;
				MTL_ENABLE_DEBUG_INFO = YES;
				ONLY_ACTIVE_ARCH = YES;
				SDKROOT = iphoneos;
				SWIFT_OPTIMIZATION_LEVEL = "-Onone";
				TARGETED_DEVICE_FAMILY = "1,2";
				VERSIONING_SYSTEM = "apple-generic";
				VERSION_INFO_PREFIX = "";
			};
			name = Debug;
		};
		6E09518F1D2BED56005C4BD1 /* Release */ = {
			isa = XCBuildConfiguration;
			buildSettings = {
				ALWAYS_SEARCH_USER_PATHS = NO;
				CLANG_ANALYZER_NONNULL = YES;
				CLANG_CXX_LANGUAGE_STANDARD = "gnu++0x";
				CLANG_CXX_LIBRARY = "libc++";
				CLANG_ENABLE_MODULES = YES;
				CLANG_ENABLE_OBJC_ARC = YES;
				CLANG_WARN_BOOL_CONVERSION = YES;
				CLANG_WARN_CONSTANT_CONVERSION = YES;
				CLANG_WARN_DIRECT_OBJC_ISA_USAGE = YES_ERROR;
				CLANG_WARN_EMPTY_BODY = YES;
				CLANG_WARN_ENUM_CONVERSION = YES;
				CLANG_WARN_INT_CONVERSION = YES;
				CLANG_WARN_OBJC_ROOT_CLASS = YES_ERROR;
				CLANG_WARN_UNREACHABLE_CODE = YES;
				CLANG_WARN__DUPLICATE_METHOD_MATCH = YES;
				"CODE_SIGN_IDENTITY[sdk=iphoneos*]" = "iPhone Developer";
				COPY_PHASE_STRIP = NO;
				CURRENT_PROJECT_VERSION = 1;
				DEBUG_INFORMATION_FORMAT = "dwarf-with-dsym";
				ENABLE_NS_ASSERTIONS = NO;
				ENABLE_STRICT_OBJC_MSGSEND = YES;
				GCC_C_LANGUAGE_STANDARD = gnu99;
				GCC_NO_COMMON_BLOCKS = YES;
				GCC_WARN_64_TO_32_BIT_CONVERSION = YES;
				GCC_WARN_ABOUT_RETURN_TYPE = YES_ERROR;
				GCC_WARN_UNDECLARED_SELECTOR = YES;
				GCC_WARN_UNINITIALIZED_AUTOS = YES_AGGRESSIVE;
				GCC_WARN_UNUSED_FUNCTION = YES;
				GCC_WARN_UNUSED_VARIABLE = YES;
				IPHONEOS_DEPLOYMENT_TARGET = 9.3;
				MTL_ENABLE_DEBUG_INFO = NO;
				SDKROOT = iphoneos;
				TARGETED_DEVICE_FAMILY = "1,2";
				VALIDATE_PRODUCT = YES;
				VERSIONING_SYSTEM = "apple-generic";
				VERSION_INFO_PREFIX = "";
			};
			name = Release;
		};
		6E0951911D2BED56005C4BD1 /* Debug */ = {
			isa = XCBuildConfiguration;
			buildSettings = {
				CLANG_ENABLE_MODULES = YES;
				DEFINES_MODULE = YES;
				DYLIB_COMPATIBILITY_VERSION = 1;
				DYLIB_CURRENT_VERSION = 1;
				DYLIB_INSTALL_NAME_BASE = "@rpath";
				FRAMEWORK_SEARCH_PATHS = (
					"$(inherited)",
					"$(PROJECT_DIR)/Dependencies/iOS",
				);
				INFOPLIST_FILE = RxStreamPlayer/Info.plist;
				INSTALL_PATH = "$(LOCAL_LIBRARY_DIR)/Frameworks";
				LD_RUNPATH_SEARCH_PATHS = "$(inherited) @executable_path/Frameworks @loader_path/Frameworks";
				OTHER_SWIFT_FLAGS = "-D DEBUG";
				PRODUCT_BUNDLE_IDENTIFIER = com.AntonEfimenko.RxStreamPlayer;
				PRODUCT_NAME = "$(TARGET_NAME)";
				SKIP_INSTALL = YES;
				SWIFT_OPTIMIZATION_LEVEL = "-Onone";
			};
			name = Debug;
		};
		6E0951921D2BED56005C4BD1 /* Release */ = {
			isa = XCBuildConfiguration;
			buildSettings = {
				CLANG_ENABLE_MODULES = YES;
				DEFINES_MODULE = YES;
				DYLIB_COMPATIBILITY_VERSION = 1;
				DYLIB_CURRENT_VERSION = 1;
				DYLIB_INSTALL_NAME_BASE = "@rpath";
				FRAMEWORK_SEARCH_PATHS = (
					"$(inherited)",
					"$(PROJECT_DIR)/Dependencies/iOS",
				);
				INFOPLIST_FILE = RxStreamPlayer/Info.plist;
				INSTALL_PATH = "$(LOCAL_LIBRARY_DIR)/Frameworks";
				LD_RUNPATH_SEARCH_PATHS = "$(inherited) @executable_path/Frameworks @loader_path/Frameworks";
				PRODUCT_BUNDLE_IDENTIFIER = com.AntonEfimenko.RxStreamPlayer;
				PRODUCT_NAME = "$(TARGET_NAME)";
				SKIP_INSTALL = YES;
			};
			name = Release;
		};
		6E0951941D2BED56005C4BD1 /* Debug */ = {
			isa = XCBuildConfiguration;
			buildSettings = {
				CLANG_ENABLE_MODULES = YES;
				FRAMEWORK_SEARCH_PATHS = (
					"$(inherited)",
					"$(PROJECT_DIR)/Dependencies/iOS",
				);
				INFOPLIST_FILE = RxStreamPlayerTests/Info.plist;
				LD_RUNPATH_SEARCH_PATHS = "$(inherited) @executable_path/Frameworks @loader_path/Frameworks";
				OTHER_SWIFT_FLAGS = "";
				PRODUCT_BUNDLE_IDENTIFIER = com.AntonEfimenko.RxStreamPlayerTests;
				PRODUCT_NAME = "$(TARGET_NAME)";
				SWIFT_OBJC_BRIDGING_HEADER = "";
				SWIFT_OPTIMIZATION_LEVEL = "-Onone";
			};
			name = Debug;
		};
		6E0951951D2BED56005C4BD1 /* Release */ = {
			isa = XCBuildConfiguration;
			buildSettings = {
				CLANG_ENABLE_MODULES = YES;
				FRAMEWORK_SEARCH_PATHS = (
					"$(inherited)",
					"$(PROJECT_DIR)/Dependencies/iOS",
				);
				INFOPLIST_FILE = RxStreamPlayerTests/Info.plist;
				LD_RUNPATH_SEARCH_PATHS = "$(inherited) @executable_path/Frameworks @loader_path/Frameworks";
				PRODUCT_BUNDLE_IDENTIFIER = com.AntonEfimenko.RxStreamPlayerTests;
				PRODUCT_NAME = "$(TARGET_NAME)";
				SWIFT_OBJC_BRIDGING_HEADER = "";
			};
			name = Release;
		};
/* End XCBuildConfiguration section */

/* Begin XCConfigurationList section */
		6E0951761D2BED56005C4BD1 /* Build configuration list for PBXProject "RxStreamPlayer" */ = {
			isa = XCConfigurationList;
			buildConfigurations = (
				6E09518E1D2BED56005C4BD1 /* Debug */,
				6E09518F1D2BED56005C4BD1 /* Release */,
			);
			defaultConfigurationIsVisible = 0;
			defaultConfigurationName = Release;
		};
		6E0951901D2BED56005C4BD1 /* Build configuration list for PBXNativeTarget "RxStreamPlayer" */ = {
			isa = XCConfigurationList;
			buildConfigurations = (
				6E0951911D2BED56005C4BD1 /* Debug */,
				6E0951921D2BED56005C4BD1 /* Release */,
			);
			defaultConfigurationIsVisible = 0;
			defaultConfigurationName = Release;
		};
		6E0951931D2BED56005C4BD1 /* Build configuration list for PBXNativeTarget "RxStreamPlayerTests" */ = {
			isa = XCConfigurationList;
			buildConfigurations = (
				6E0951941D2BED56005C4BD1 /* Debug */,
				6E0951951D2BED56005C4BD1 /* Release */,
			);
			defaultConfigurationIsVisible = 0;
			defaultConfigurationName = Release;
		};
/* End XCConfigurationList section */
	};
	rootObject = 6E0951731D2BED56005C4BD1 /* Project object */;
}
